// !$*UTF8*$!
{
	archiveVersion = 1;
	classes = {
	};
	objectVersion = 50;
	objects = {

/* Begin PBXBuildFile section */
		419BE55224A39BD00068CE55 /* AppDelegate.swift in Sources */ = {isa = PBXBuildFile; fileRef = 419BE55124A39BD00068CE55 /* AppDelegate.swift */; };
		419BE55424A39BD00068CE55 /* SceneDelegate.swift in Sources */ = {isa = PBXBuildFile; fileRef = 419BE55324A39BD00068CE55 /* SceneDelegate.swift */; };
		419BE55624A39BD00068CE55 /* HorrorMovieViewController.swift in Sources */ = {isa = PBXBuildFile; fileRef = 419BE55524A39BD00068CE55 /* HorrorMovieViewController.swift */; };
		419BE55924A39BD00068CE55 /* Main.storyboard in Resources */ = {isa = PBXBuildFile; fileRef = 419BE55724A39BD00068CE55 /* Main.storyboard */; };
		419BE55B24A39BD10068CE55 /* Assets.xcassets in Resources */ = {isa = PBXBuildFile; fileRef = 419BE55A24A39BD10068CE55 /* Assets.xcassets */; };
		419BE55E24A39BD10068CE55 /* LaunchScreen.storyboard in Resources */ = {isa = PBXBuildFile; fileRef = 419BE55C24A39BD10068CE55 /* LaunchScreen.storyboard */; };
		419BE56624A3A5EA0068CE55 /* HorrorMovieCell.swift in Sources */ = {isa = PBXBuildFile; fileRef = 419BE56524A3A5EA0068CE55 /* HorrorMovieCell.swift */; };
/* End PBXBuildFile section */

/* Begin PBXFileReference section */
		419BE54E24A39BD00068CE55 /* Homework48.app */ = {isa = PBXFileReference; explicitFileType = wrapper.application; includeInIndex = 0; path = Homework48.app; sourceTree = BUILT_PRODUCTS_DIR; };
		419BE55124A39BD00068CE55 /* AppDelegate.swift */ = {isa = PBXFileReference; lastKnownFileType = sourcecode.swift; path = AppDelegate.swift; sourceTree = "<group>"; };
		419BE55324A39BD00068CE55 /* SceneDelegate.swift */ = {isa = PBXFileReference; lastKnownFileType = sourcecode.swift; path = SceneDelegate.swift; sourceTree = "<group>"; };
		419BE55524A39BD00068CE55 /* HorrorMovieViewController.swift */ = {isa = PBXFileReference; lastKnownFileType = sourcecode.swift; path = HorrorMovieViewController.swift; sourceTree = "<group>"; };
		419BE55824A39BD00068CE55 /* Base */ = {isa = PBXFileReference; lastKnownFileType = file.storyboard; name = Base; path = Base.lproj/Main.storyboard; sourceTree = "<group>"; };
		419BE55A24A39BD10068CE55 /* Assets.xcassets */ = {isa = PBXFileReference; lastKnownFileType = folder.assetcatalog; path = Assets.xcassets; sourceTree = "<group>"; };
		419BE55D24A39BD10068CE55 /* Base */ = {isa = PBXFileReference; lastKnownFileType = file.storyboard; name = Base; path = Base.lproj/LaunchScreen.storyboard; sourceTree = "<group>"; };
		419BE55F24A39BD10068CE55 /* Info.plist */ = {isa = PBXFileReference; lastKnownFileType = text.plist.xml; path = Info.plist; sourceTree = "<group>"; };
		419BE56524A3A5EA0068CE55 /* HorrorMovieCell.swift */ = {isa = PBXFileReference; lastKnownFileType = sourcecode.swift; path = HorrorMovieCell.swift; sourceTree = "<group>"; };
/* End PBXFileReference section */

/* Begin PBXFrameworksBuildPhase section */
		419BE54B24A39BD00068CE55 /* Frameworks */ = {
			isa = PBXFrameworksBuildPhase;
			buildActionMask = 2147483647;
			files = (
			);
			runOnlyForDeploymentPostprocessing = 0;
		};
/* End PBXFrameworksBuildPhase section */

/* Begin PBXGroup section */
		419BE54524A39BD00068CE55 = {
			isa = PBXGroup;
			children = (
				419BE55024A39BD00068CE55 /* Homework48 */,
				419BE54F24A39BD00068CE55 /* Products */,
			);
			sourceTree = "<group>";
		};
		419BE54F24A39BD00068CE55 /* Products */ = {
			isa = PBXGroup;
			children = (
				419BE54E24A39BD00068CE55 /* Homework48.app */,
			);
			name = Products;
			sourceTree = "<group>";
		};
		419BE55024A39BD00068CE55 /* Homework48 */ = {
			isa = PBXGroup;
			children = (
				419BE55124A39BD00068CE55 /* AppDelegate.swift */,
				419BE55324A39BD00068CE55 /* SceneDelegate.swift */,
				419BE55524A39BD00068CE55 /* HorrorMovieViewController.swift */,
				419BE55724A39BD00068CE55 /* Main.storyboard */,
				419BE55A24A39BD10068CE55 /* Assets.xcassets */,
				419BE55C24A39BD10068CE55 /* LaunchScreen.storyboard */,
				419BE55F24A39BD10068CE55 /* Info.plist */,
				419BE56524A3A5EA0068CE55 /* HorrorMovieCell.swift */,
			);
			path = Homework48;
			sourceTree = "<group>";
		};
/* End PBXGroup section */

/* Begin PBXNativeTarget section */
		419BE54D24A39BD00068CE55 /* Homework48 */ = {
			isa = PBXNativeTarget;
			buildConfigurationList = 419BE56224A39BD10068CE55 /* Build configuration list for PBXNativeTarget "Homework48" */;
			buildPhases = (
				419BE54A24A39BD00068CE55 /* Sources */,
				419BE54B24A39BD00068CE55 /* Frameworks */,
				419BE54C24A39BD00068CE55 /* Resources */,
			);
			buildRules = (
			);
			dependencies = (
			);
			name = Homework48;
			productName = Homework48;
			productReference = 419BE54E24A39BD00068CE55 /* Homework48.app */;
			productType = "com.apple.product-type.application";
		};
/* End PBXNativeTarget section */

/* Begin PBXProject section */
		419BE54624A39BD00068CE55 /* Project object */ = {
			isa = PBXProject;
			attributes = {
				LastSwiftUpdateCheck = 1150;
				LastUpgradeCheck = 1150;
				ORGANIZATIONNAME = TBC;
				TargetAttributes = {
					419BE54D24A39BD00068CE55 = {
						CreatedOnToolsVersion = 11.5;
					};
				};
			};
			buildConfigurationList = 419BE54924A39BD00068CE55 /* Build configuration list for PBXProject "Homework48" */;
			compatibilityVersion = "Xcode 9.3";
			developmentRegion = en;
			hasScannedForEncodings = 0;
			knownRegions = (
				en,
				Base,
			);
			mainGroup = 419BE54524A39BD00068CE55;
			productRefGroup = 419BE54F24A39BD00068CE55 /* Products */;
			projectDirPath = "";
			projectRoot = "";
			targets = (
				419BE54D24A39BD00068CE55 /* Homework48 */,
			);
		};
/* End PBXProject section */

/* Begin PBXResourcesBuildPhase section */
		419BE54C24A39BD00068CE55 /* Resources */ = {
			isa = PBXResourcesBuildPhase;
			buildActionMask = 2147483647;
			files = (
				419BE55E24A39BD10068CE55 /* LaunchScreen.storyboard in Resources */,
				419BE55B24A39BD10068CE55 /* Assets.xcassets in Resources */,
				419BE55924A39BD00068CE55 /* Main.storyboard in Resources */,
			);
			runOnlyForDeploymentPostprocessing = 0;
		};
/* End PBXResourcesBuildPhase section */

/* Begin PBXSourcesBuildPhase section */
		419BE54A24A39BD00068CE55 /* Sources */ = {
			isa = PBXSourcesBuildPhase;
			buildActionMask = 2147483647;
			files = (
				419BE56624A3A5EA0068CE55 /* HorrorMovieCell.swift in Sources */,
				419BE55624A39BD00068CE55 /* HorrorMovieViewController.swift in Sources */,
				419BE55224A39BD00068CE55 /* AppDelegate.swift in Sources */,
				419BE55424A39BD00068CE55 /* SceneDelegate.swift in Sources */,
			);
			runOnlyForDeploymentPostprocessing = 0;
		};
/* End PBXSourcesBuildPhase section */

/* Begin PBXVariantGroup section */
		419BE55724A39BD00068CE55 /* Main.storyboard */ = {
			isa = PBXVariantGroup;
			children = (
				419BE55824A39BD00068CE55 /* Base */,
			);
			name = Main.storyboard;
			sourceTree = "<group>";
		};
		419BE55C24A39BD10068CE55 /* LaunchScreen.storyboard */ = {
			isa = PBXVariantGroup;
			children = (
				419BE55D24A39BD10068CE55 /* Base */,
			);
			name = LaunchScreen.storyboard;
			sourceTree = "<group>";
		};
/* End PBXVariantGroup section */

/* Begin XCBuildConfiguration section */
		419BE56024A39BD10068CE55 /* Debug */ = {
			isa = XCBuildConfiguration;
			buildSettings = {
				ALWAYS_SEARCH_USER_PATHS = NO;
				CLANG_ANALYZER_NONNULL = YES;
				CLANG_ANALYZER_NUMBER_OBJECT_CONVERSION = YES_AGGRESSIVE;
				CLANG_CXX_LANGUAGE_STANDARD = "gnu++14";
				CLANG_CXX_LIBRARY = "libc++";
				CLANG_ENABLE_MODULES = YES;
				CLANG_ENABLE_OBJC_ARC = YES;
				CLANG_ENABLE_OBJC_WEAK = YES;
				CLANG_WARN_BLOCK_CAPTURE_AUTORELEASING = YES;
				CLANG_WARN_BOOL_CONVERSION = YES;
				CLANG_WARN_COMMA = YES;
				CLANG_WARN_CONSTANT_CONVERSION = YES;
				CLANG_WARN_DEPRECATED_OBJC_IMPLEMENTATIONS = YES;
				CLANG_WARN_DIRECT_OBJC_ISA_USAGE = YES_ERROR;
				CLANG_WARN_DOCUMENTATION_COMMENTS = YES;
				CLANG_WARN_EMPTY_BODY = YES;
				CLANG_WARN_ENUM_CONVERSION = YES;
				CLANG_WARN_INFINITE_RECURSION = YES;
				CLANG_WARN_INT_CONVERSION = YES;
				CLANG_WARN_NON_LITERAL_NULL_CONVERSION = YES;
				CLANG_WARN_OBJC_IMPLICIT_RETAIN_SELF = YES;
				CLANG_WARN_OBJC_LITERAL_CONVERSION = YES;
				CLANG_WARN_OBJC_ROOT_CLASS = YES_ERROR;
				CLANG_WARN_RANGE_LOOP_ANALYSIS = YES;
				CLANG_WARN_STRICT_PROTOTYPES = YES;
				CLANG_WARN_SUSPICIOUS_MOVE = YES;
				CLANG_WARN_UNGUARDED_AVAILABILITY = YES_AGGRESSIVE;
				CLANG_WARN_UNREACHABLE_CODE = YES;
				CLANG_WARN__DUPLICATE_METHOD_MATCH = YES;
				COPY_PHASE_STRIP = NO;
				DEBUG_INFORMATION_FORMAT = dwarf;
				ENABLE_STRICT_OBJC_MSGSEND = YES;
				ENABLE_TESTABILITY = YES;
				GCC_C_LANGUAGE_STANDARD = gnu11;
				GCC_DYNAMIC_NO_PIC = NO;
				GCC_NO_COMMON_BLOCKS = YES;
				GCC_OPTIMIZATION_LEVEL = 0;
				GCC_PREPROCESSOR_DEFINITIONS = (
					"DEBUG=1",
					"$(inherited)",
				);
				GCC_WARN_64_TO_32_BIT_CONVERSION = YES;
				GCC_WARN_ABOUT_RETURN_TYPE = YES_ERROR;
				GCC_WARN_UNDECLARED_SELECTOR = YES;
				GCC_WARN_UNINITIALIZED_AUTOS = YES_AGGRESSIVE;
				GCC_WARN_UNUSED_FUNCTION = YES;
				GCC_WARN_UNUSED_VARIABLE = YES;
				IPHONEOS_DEPLOYMENT_TARGET = 13.5;
				MTL_ENABLE_DEBUG_INFO = INCLUDE_SOURCE;
				MTL_FAST_MATH = YES;
				ONLY_ACTIVE_ARCH = YES;
				SDKROOT = iphoneos;
				SWIFT_ACTIVE_COMPILATION_CONDITIONS = DEBUG;
				SWIFT_OPTIMIZATION_LEVEL = "-Onone";
			};
			name = Debug;
		};
		419BE56124A39BD10068CE55 /* Release */ = {
			isa = XCBuildConfiguration;
			buildSettings = {
				ALWAYS_SEARCH_USER_PATHS = NO;
				CLANG_ANALYZER_NONNULL = YES;
				CLANG_ANALYZER_NUMBER_OBJECT_CONVERSION = YES_AGGRESSIVE;
				CLANG_CXX_LANGUAGE_STANDARD = "gnu++14";
				CLANG_CXX_LIBRARY = "libc++";
				CLANG_ENABLE_MODULES = YES;
				CLANG_ENABLE_OBJC_ARC = YES;
				CLANG_ENABLE_OBJC_WEAK = YES;
				CLANG_WARN_BLOCK_CAPTURE_AUTORELEASING = YES;
				CLANG_WARN_BOOL_CONVERSION = YES;
				CLANG_WARN_COMMA = YES;
				CLANG_WARN_CONSTANT_CONVERSION = YES;
				CLANG_WARN_DEPRECATED_OBJC_IMPLEMENTATIONS = YES;
				CLANG_WARN_DIRECT_OBJC_ISA_USAGE = YES_ERROR;
				CLANG_WARN_DOCUMENTATION_COMMENTS = YES;
				CLANG_WARN_EMPTY_BODY = YES;
				CLANG_WARN_ENUM_CONVERSION = YES;
				CLANG_WARN_INFINITE_RECURSION = YES;
				CLANG_WARN_INT_CONVERSION = YES;
				CLANG_WARN_NON_LITERAL_NULL_CONVERSION = YES;
				CLANG_WARN_OBJC_IMPLICIT_RETAIN_SELF = YES;
				CLANG_WARN_OBJC_LITERAL_CONVERSION = YES;
				CLANG_WARN_OBJC_ROOT_CLASS = YES_ERROR;
				CLANG_WARN_RANGE_LOOP_ANALYSIS = YES;
				CLANG_WARN_STRICT_PROTOTYPES = YES;
				CLANG_WARN_SUSPICIOUS_MOVE = YES;
				CLANG_WARN_UNGUARDED_AVAILABILITY = YES_AGGRESSIVE;
				CLANG_WARN_UNREACHABLE_CODE = YES;
				CLANG_WARN__DUPLICATE_METHOD_MATCH = YES;
				COPY_PHASE_STRIP = NO;
				DEBUG_INFORMATION_FORMAT = "dwarf-with-dsym";
				ENABLE_NS_ASSERTIONS = NO;
				ENABLE_STRICT_OBJC_MSGSEND = YES;
				GCC_C_LANGUAGE_STANDARD = gnu11;
				GCC_NO_COMMON_BLOCKS = YES;
				GCC_WARN_64_TO_32_BIT_CONVERSION = YES;
				GCC_WARN_ABOUT_RETURN_TYPE = YES_ERROR;
				GCC_WARN_UNDECLARED_SELECTOR = YES;
				GCC_WARN_UNINITIALIZED_AUTOS = YES_AGGRESSIVE;
				GCC_WARN_UNUSED_FUNCTION = YES;
				GCC_WARN_UNUSED_VARIABLE = YES;
				IPHONEOS_DEPLOYMENT_TARGET = 13.5;
				MTL_ENABLE_DEBUG_INFO = NO;
				MTL_FAST_MATH = YES;
				SDKROOT = iphoneos;
				SWIFT_COMPILATION_MODE = wholemodule;
				SWIFT_OPTIMIZATION_LEVEL = "-O";
				VALIDATE_PRODUCT = YES;
			};
			name = Release;
		};
		419BE56324A39BD10068CE55 /* Debug */ = {
			isa = XCBuildConfiguration;
			buildSettings = {
				ASSETCATALOG_COMPILER_APPICON_NAME = AppIcon;
				CODE_SIGN_STYLE = Automatic;
				INFOPLIST_FILE = Homework48/Info.plist;
				LD_RUNPATH_SEARCH_PATHS = (
					"$(inherited)",
					"@executable_path/Frameworks",
				);
				PRODUCT_BUNDLE_IDENTIFIER = ge.tbcbank.Homework48;
				PRODUCT_NAME = "$(TARGET_NAME)";
				SWIFT_VERSION = 5.0;
				TARGETED_DEVICE_FAMILY = "1,2";
			};
			name = Debug;
		};
		419BE56424A39BD10068CE55 /* Release */ = {
			isa = XCBuildConfiguration;
			buildSettings = {
				ASSETCATALOG_COMPILER_APPICON_NAME = AppIcon;
				CODE_SIGN_STYLE = Automatic;
				INFOPLIST_FILE = Homework48/Info.plist;
				LD_RUNPATH_SEARCH_PATHS = (
					"$(inherited)",
					"@executable_path/Frameworks",
				);
				PRODUCT_BUNDLE_IDENTIFIER = ge.tbcbank.Homework48;
				PRODUCT_NAME = "$(TARGET_NAME)";
				SWIFT_VERSION = 5.0;
				TARGETED_DEVICE_FAMILY = "1,2";
			};
			name = Release;
		};
/* End XCBuildConfiguration section */

/* Begin XCConfigurationList section */
		419BE54924A39BD00068CE55 /* Build configuration list for PBXProject "Homework48" */ = {
			isa = XCConfigurationList;
			buildConfigurations = (
				419BE56024A39BD10068CE55 /* Debug */,
				419BE56124A39BD10068CE55 /* Release */,
			);
			defaultConfigurationIsVisible = 0;
			defaultConfigurationName = Release;
		};
		419BE56224A39BD10068CE55 /* Build configuration list for PBXNativeTarget "Homework48" */ = {
			isa = XCConfigurationList;
			buildConfigurations = (
				419BE56324A39BD10068CE55 /* Debug */,
				419BE56424A39BD10068CE55 /* Release */,
			);
			defaultConfigurationIsVisible = 0;
			defaultConfigurationName = Release;
		};
/* End XCConfigurationList section */
	};
	rootObject = 419BE54624A39BD00068CE55 /* Project object */;
}
